
Microsoft Visual Studio Solution File, Format Version 12.00
# Visual Studio Version 17
VisualStudioVersion = 17.8.34330.188
MinimumVisualStudioVersion = 10.0.40219.1
Project("{9A19103F-16F7-4668-BE54-9A1E7A4F7556}") = "Entities", "Entities\Entities.csproj", "{683C75D6-810A-4243-B845-61413A13C693}"
EndProject
Project("{9A19103F-16F7-4668-BE54-9A1E7A4F7556}") = "Business", "Business\Business.csproj", "{B5CBC23C-1477-4B9E-9ECB-AC6D6BF44DDE}"
EndProject
Project("{9A19103F-16F7-4668-BE54-9A1E7A4F7556}") = "DataAccess", "DataAccess\DataAccess.csproj", "{028AF947-927F-4723-B590-2200DF9A58D4}"
EndProject
Project("{9A19103F-16F7-4668-BE54-9A1E7A4F7556}") = "WebAPI", "WebAPI\WebAPI.csproj", "{7F1065A1-DEDA-4DFF-A024-193FE35C29A2}"
EndProject
Project("{9A19103F-16F7-4668-BE54-9A1E7A4F7556}") = "Core", "Core\Core.csproj", "{DE62FFD7-59FA-4635-88F4-32BC72064C32}"
EndProject
Global
	GlobalSection(SolutionConfigurationPlatforms) = preSolution
		Debug|Any CPU = Debug|Any CPU
		Release|Any CPU = Release|Any CPU
	EndGlobalSection
	GlobalSection(ProjectConfigurationPlatforms) = postSolution
		{683C75D6-810A-4243-B845-61413A13C693}.Debug|Any CPU.ActiveCfg = Debug|Any CPU
		{683C75D6-810A-4243-B845-61413A13C693}.Debug|Any CPU.Build.0 = Debug|Any CPU
		{683C75D6-810A-4243-B845-61413A13C693}.Release|Any CPU.ActiveCfg = Release|Any CPU
		{683C75D6-810A-4243-B845-61413A13C693}.Release|Any CPU.Build.0 = Release|Any CPU
		{B5CBC23C-1477-4B9E-9ECB-AC6D6BF44DDE}.Debug|Any CPU.ActiveCfg = Debug|Any CPU
		{B5CBC23C-1477-4B9E-9ECB-AC6D6BF44DDE}.Debug|Any CPU.Build.0 = Debug|Any CPU
		{B5CBC23C-1477-4B9E-9ECB-AC6D6BF44DDE}.Release|Any CPU.ActiveCfg = Release|Any CPU
		{B5CBC23C-1477-4B9E-9ECB-AC6D6BF44DDE}.Release|Any CPU.Build.0 = Release|Any CPU
		{028AF947-927F-4723-B590-2200DF9A58D4}.Debug|Any CPU.ActiveCfg = Debug|Any CPU
		{028AF947-927F-4723-B590-2200DF9A58D4}.Debug|Any CPU.Build.0 = Debug|Any CPU
		{028AF947-927F-4723-B590-2200DF9A58D4}.Release|Any CPU.ActiveCfg = Release|Any CPU
		{028AF947-927F-4723-B590-2200DF9A58D4}.Release|Any CPU.Build.0 = Release|Any CPU
		{7F1065A1-DEDA-4DFF-A024-193FE35C29A2}.Debug|Any CPU.ActiveCfg = Debug|Any CPU
		{7F1065A1-DEDA-4DFF-A024-193FE35C29A2}.Debug|Any CPU.Build.0 = Debug|Any CPU
		{7F1065A1-DEDA-4DFF-A024-193FE35C29A2}.Release|Any CPU.ActiveCfg = Release|Any CPU
		{7F1065A1-DEDA-4DFF-A024-193FE35C29A2}.Release|Any CPU.Build.0 = Release|Any CPU
		{DE62FFD7-59FA-4635-88F4-32BC72064C32}.Debug|Any CPU.ActiveCfg = Debug|Any CPU
		{DE62FFD7-59FA-4635-88F4-32BC72064C32}.Debug|Any CPU.Build.0 = Debug|Any CPU
		{DE62FFD7-59FA-4635-88F4-32BC72064C32}.Release|Any CPU.ActiveCfg = Release|Any CPU
		{DE62FFD7-59FA-4635-88F4-32BC72064C32}.Release|Any CPU.Build.0 = Release|Any CPU
	EndGlobalSection
	GlobalSection(SolutionProperties) = preSolution
		HideSolutionNode = FALSE
	EndGlobalSection
	GlobalSection(ExtensibilityGlobals) = postSolution
		SolutionGuid = {05EDE607-633A-41D0-AAFB-4A4329D5A0D5}
	EndGlobalSection
EndGlobal
